
Microsoft Visual Studio Solution File, Format Version 12.00
# Visual Studio Version 17
VisualStudioVersion = 17.1.32319.34
MinimumVisualStudioVersion = 10.0.40219.1
Project("{FAE04EC0-301F-11D3-BF4B-00C04F79EFBC}") = "project1", "project1\project1.csproj", "{63E80E8E-1646-4267-B511-AEDEB1E107D4}"
EndProject
Project("{FAE04EC0-301F-11D3-BF4B-00C04F79EFBC}") = "project2", "project2\project2.csproj", "{E87C8657-B1BE-41CF-AB8B-D92BFB281D15}"
EndProject
Project("{FAE04EC0-301F-11D3-BF4B-00C04F79EFBC}") = "project3", "project3\project3.csproj", "{5788AB81-7871-40A7-8E83-69637B948248}"
EndProject
Project("{FAE04EC0-301F-11D3-BF4B-00C04F79EFBC}") = "project4", "project4\project4.csproj", "{447EEA44-B2C4-421A-ABC9-5C80CDE582D3}"
EndProject
Global
	GlobalSection(SolutionConfigurationPlatforms) = preSolution
		Debug|Any CPU = Debug|Any CPU
		Release|Any CPU = Release|Any CPU
	EndGlobalSection
	GlobalSection(ProjectConfigurationPlatforms) = postSolution
		{63E80E8E-1646-4267-B511-AEDEB1E107D4}.Debug|Any CPU.ActiveCfg = Debug|Any CPU
		{63E80E8E-1646-4267-B511-AEDEB1E107D4}.Debug|Any CPU.Build.0 = Debug|Any CPU
		{63E80E8E-1646-4267-B511-AEDEB1E107D4}.Release|Any CPU.ActiveCfg = Release|Any CPU
		{63E80E8E-1646-4267-B511-AEDEB1E107D4}.Release|Any CPU.Build.0 = Release|Any CPU
		{E87C8657-B1BE-41CF-AB8B-D92BFB281D15}.Debug|Any CPU.ActiveCfg = Debug|Any CPU
		{E87C8657-B1BE-41CF-AB8B-D92BFB281D15}.Debug|Any CPU.Build.0 = Debug|Any CPU
		{E87C8657-B1BE-41CF-AB8B-D92BFB281D15}.Release|Any CPU.ActiveCfg = Release|Any CPU
		{E87C8657-B1BE-41CF-AB8B-D92BFB281D15}.Release|Any CPU.Build.0 = Release|Any CPU
		{5788AB81-7871-40A7-8E83-69637B948248}.Debug|Any CPU.ActiveCfg = Debug|Any CPU
		{5788AB81-7871-40A7-8E83-69637B948248}.Debug|Any CPU.Build.0 = Debug|Any CPU
		{5788AB81-7871-40A7-8E83-69637B948248}.Release|Any CPU.ActiveCfg = Release|Any CPU
		{5788AB81-7871-40A7-8E83-69637B948248}.Release|Any CPU.Build.0 = Release|Any CPU
		{447EEA44-B2C4-421A-ABC9-5C80CDE582D3}.Debug|Any CPU.ActiveCfg = Debug|Any CPU
		{447EEA44-B2C4-421A-ABC9-5C80CDE582D3}.Debug|Any CPU.Build.0 = Debug|Any CPU
		{447EEA44-B2C4-421A-ABC9-5C80CDE582D3}.Release|Any CPU.ActiveCfg = Release|Any CPU
		{447EEA44-B2C4-421A-ABC9-5C80CDE582D3}.Release|Any CPU.Build.0 = Release|Any CPU
	EndGlobalSection
	GlobalSection(SolutionProperties) = preSolution
		HideSolutionNode = FALSE
	EndGlobalSection
	GlobalSection(ExtensibilityGlobals) = postSolution
		SolutionGuid = {89F5E36C-06B6-49DE-99A8-C906B409D919}
	EndGlobalSection
EndGlobal
