
Microsoft Visual Studio Solution File, Format Version 12.00
# Visual Studio Version 17
VisualStudioVersion = 17.1.32319.34
MinimumVisualStudioVersion = 10.0.40219.1
Project("{9A19103F-16F7-4668-BE54-9A1E7A4F7556}") = "CalArray", "CalArray\CalArray.csproj", "{C49028F8-FBA5-497B-B5C9-CF54AB92F20E}"
EndProject
Project("{9A19103F-16F7-4668-BE54-9A1E7A4F7556}") = "IsToplitz", "IsToplitz\IsToplitz.csproj", "{9F8FB7A0-9667-40EA-9DE4-96A615FAA648}"
EndProject
Project("{9A19103F-16F7-4668-BE54-9A1E7A4F7556}") = "PrimeFactor", "PrimeFactor\PrimeFactor.csproj", "{FC1C0452-1E42-4247-B9FF-168698BE1428}"
EndProject
Project("{9A19103F-16F7-4668-BE54-9A1E7A4F7556}") = "PrimeNumber", "PrimeNumber\PrimeNumber.csproj", "{8A762E26-3DC2-408C-A4AA-4449CF65E6DA}"
EndProject
Global
	GlobalSection(SolutionConfigurationPlatforms) = preSolution
		Debug|Any CPU = Debug|Any CPU
		Release|Any CPU = Release|Any CPU
	EndGlobalSection
	GlobalSection(ProjectConfigurationPlatforms) = postSolution
		{C49028F8-FBA5-497B-B5C9-CF54AB92F20E}.Debug|Any CPU.ActiveCfg = Debug|Any CPU
		{C49028F8-FBA5-497B-B5C9-CF54AB92F20E}.Debug|Any CPU.Build.0 = Debug|Any CPU
		{C49028F8-FBA5-497B-B5C9-CF54AB92F20E}.Release|Any CPU.ActiveCfg = Release|Any CPU
		{C49028F8-FBA5-497B-B5C9-CF54AB92F20E}.Release|Any CPU.Build.0 = Release|Any CPU
		{9F8FB7A0-9667-40EA-9DE4-96A615FAA648}.Debug|Any CPU.ActiveCfg = Debug|Any CPU
		{9F8FB7A0-9667-40EA-9DE4-96A615FAA648}.Debug|Any CPU.Build.0 = Debug|Any CPU
		{9F8FB7A0-9667-40EA-9DE4-96A615FAA648}.Release|Any CPU.ActiveCfg = Release|Any CPU
		{9F8FB7A0-9667-40EA-9DE4-96A615FAA648}.Release|Any CPU.Build.0 = Release|Any CPU
		{FC1C0452-1E42-4247-B9FF-168698BE1428}.Debug|Any CPU.ActiveCfg = Debug|Any CPU
		{FC1C0452-1E42-4247-B9FF-168698BE1428}.Debug|Any CPU.Build.0 = Debug|Any CPU
		{FC1C0452-1E42-4247-B9FF-168698BE1428}.Release|Any CPU.ActiveCfg = Release|Any CPU
		{FC1C0452-1E42-4247-B9FF-168698BE1428}.Release|Any CPU.Build.0 = Release|Any CPU
		{8A762E26-3DC2-408C-A4AA-4449CF65E6DA}.Debug|Any CPU.ActiveCfg = Debug|Any CPU
		{8A762E26-3DC2-408C-A4AA-4449CF65E6DA}.Debug|Any CPU.Build.0 = Debug|Any CPU
		{8A762E26-3DC2-408C-A4AA-4449CF65E6DA}.Release|Any CPU.ActiveCfg = Release|Any CPU
		{8A762E26-3DC2-408C-A4AA-4449CF65E6DA}.Release|Any CPU.Build.0 = Release|Any CPU
	EndGlobalSection
	GlobalSection(SolutionProperties) = preSolution
		HideSolutionNode = FALSE
	EndGlobalSection
	GlobalSection(ExtensibilityGlobals) = postSolution
		SolutionGuid = {89F5E36C-06B6-49DE-99A8-C906B409D919}
	EndGlobalSection
EndGlobal
