
Microsoft Visual Studio Solution File, Format Version 12.00
# Visual Studio Version 17
VisualStudioVersion = 17.1.32319.34
MinimumVisualStudioVersion = 10.0.40219.1
Project("{9A19103F-16F7-4668-BE54-9A1E7A4F7556}") = "ConsoleApp", "ConsoleApp\ConsoleApp.csproj", "{DB1A27F4-0488-40CD-849E-0CEF39529D50}"
EndProject
Project("{FAE04EC0-301F-11D3-BF4B-00C04F79EFBC}") = "WindowsFormApp", "WindowsFormApp\WindowsFormApp.csproj", "{D771CB01-B9F6-4CEF-8277-35F0F6EF7085}"
EndProject
Global
	GlobalSection(SolutionConfigurationPlatforms) = preSolution
		Debug|Any CPU = Debug|Any CPU
		Release|Any CPU = Release|Any CPU
	EndGlobalSection
	GlobalSection(ProjectConfigurationPlatforms) = postSolution
		{DB1A27F4-0488-40CD-849E-0CEF39529D50}.Debug|Any CPU.ActiveCfg = Debug|Any CPU
		{DB1A27F4-0488-40CD-849E-0CEF39529D50}.Debug|Any CPU.Build.0 = Debug|Any CPU
		{DB1A27F4-0488-40CD-849E-0CEF39529D50}.Release|Any CPU.ActiveCfg = Release|Any CPU
		{DB1A27F4-0488-40CD-849E-0CEF39529D50}.Release|Any CPU.Build.0 = Release|Any CPU
		{D771CB01-B9F6-4CEF-8277-35F0F6EF7085}.Debug|Any CPU.ActiveCfg = Debug|Any CPU
		{D771CB01-B9F6-4CEF-8277-35F0F6EF7085}.Debug|Any CPU.Build.0 = Debug|Any CPU
		{D771CB01-B9F6-4CEF-8277-35F0F6EF7085}.Release|Any CPU.ActiveCfg = Release|Any CPU
		{D771CB01-B9F6-4CEF-8277-35F0F6EF7085}.Release|Any CPU.Build.0 = Release|Any CPU
	EndGlobalSection
	GlobalSection(SolutionProperties) = preSolution
		HideSolutionNode = FALSE
	EndGlobalSection
	GlobalSection(ExtensibilityGlobals) = postSolution
		SolutionGuid = {C370E22C-4F03-4716-9E6C-171E7CD2AAC5}
	EndGlobalSection
EndGlobal
