
Microsoft Visual Studio Solution File, Format Version 12.00
# Visual Studio Version 17
VisualStudioVersion = 17.1.32319.34
MinimumVisualStudioVersion = 10.0.40219.1
Project("{9A19103F-16F7-4668-BE54-9A1E7A4F7556}") = "program1", "List\program1.csproj", "{BB728FA7-17EF-4872-BC53-F60B22C08CE8}"
EndProject
Project("{FAE04EC0-301F-11D3-BF4B-00C04F79EFBC}") = "program2", "program2\program2.csproj", "{346B1060-72C5-4E58-88D1-054A9FB4B5CB}"
EndProject
Global
	GlobalSection(SolutionConfigurationPlatforms) = preSolution
		Debug|Any CPU = Debug|Any CPU
		Release|Any CPU = Release|Any CPU
	EndGlobalSection
	GlobalSection(ProjectConfigurationPlatforms) = postSolution
		{BB728FA7-17EF-4872-BC53-F60B22C08CE8}.Debug|Any CPU.ActiveCfg = Debug|Any CPU
		{BB728FA7-17EF-4872-BC53-F60B22C08CE8}.Debug|Any CPU.Build.0 = Debug|Any CPU
		{BB728FA7-17EF-4872-BC53-F60B22C08CE8}.Release|Any CPU.ActiveCfg = Release|Any CPU
		{BB728FA7-17EF-4872-BC53-F60B22C08CE8}.Release|Any CPU.Build.0 = Release|Any CPU
		{346B1060-72C5-4E58-88D1-054A9FB4B5CB}.Debug|Any CPU.ActiveCfg = Debug|Any CPU
		{346B1060-72C5-4E58-88D1-054A9FB4B5CB}.Debug|Any CPU.Build.0 = Debug|Any CPU
		{346B1060-72C5-4E58-88D1-054A9FB4B5CB}.Release|Any CPU.ActiveCfg = Release|Any CPU
		{346B1060-72C5-4E58-88D1-054A9FB4B5CB}.Release|Any CPU.Build.0 = Release|Any CPU
	EndGlobalSection
	GlobalSection(SolutionProperties) = preSolution
		HideSolutionNode = FALSE
	EndGlobalSection
	GlobalSection(ExtensibilityGlobals) = postSolution
		SolutionGuid = {971FD188-315F-443D-B48F-0094B16376E4}
	EndGlobalSection
EndGlobal
